
Microsoft Visual Studio Solution File, Format Version 12.00
# Visual Studio 15
VisualStudioVersion = 15.0.28010.2016
MinimumVisualStudioVersion = 10.0.40219.1
Project("{FAE04EC0-301F-11D3-BF4B-00C04F79EFBC}") = "CapstoneCode", "CapstoneCode\CapstoneCode.csproj", "{83DD67E7-6016-43AD-92A6-5F7968D667FD}"
EndProject
Global
	GlobalSection(SolutionConfigurationPlatforms) = preSolution
		Debug|Any CPU = Debug|Any CPU
		Release|Any CPU = Release|Any CPU
	EndGlobalSection
	GlobalSection(ProjectConfigurationPlatforms) = postSolution
		{83DD67E7-6016-43AD-92A6-5F7968D667FD}.Debug|Any CPU.ActiveCfg = Debug|Any CPU
		{83DD67E7-6016-43AD-92A6-5F7968D667FD}.Debug|Any CPU.Build.0 = Debug|Any CPU
		{83DD67E7-6016-43AD-92A6-5F7968D667FD}.Release|Any CPU.ActiveCfg = Release|Any CPU
		{83DD67E7-6016-43AD-92A6-5F7968D667FD}.Release|Any CPU.Build.0 = Release|Any CPU
	EndGlobalSection
	GlobalSection(SolutionProperties) = preSolution
		HideSolutionNode = FALSE
	EndGlobalSection
	GlobalSection(ExtensibilityGlobals) = postSolution
		SolutionGuid = {74B6BF73-3E19-464A-B5CB-CC561A664968}
	EndGlobalSection
EndGlobal
